// !$*UTF8*$!
{
	archiveVersion = 1;
	classes = {
	};
	objectVersion = 56;
	objects = {

/* Begin PBXBuildFile section */
		36B408192CA59EE100EE14C0 /* AnoudgithubApp.swift in Sources */ = {isa = PBXBuildFile; fileRef = 36B408182CA59EE100EE14C0 /* AnoudgithubApp.swift */; };
		36B4081B2CA59EE100EE14C0 /* ContentView.swift in Sources */ = {isa = PBXBuildFile; fileRef = 36B4081A2CA59EE100EE14C0 /* ContentView.swift */; };
		36B4081D2CA59EE200EE14C0 /* Assets.xcassets in Resources */ = {isa = PBXBuildFile; fileRef = 36B4081C2CA59EE200EE14C0 /* Assets.xcassets */; };
		36B408202CA59EE200EE14C0 /* Preview Assets.xcassets in Resources */ = {isa = PBXBuildFile; fileRef = 36B4081F2CA59EE200EE14C0 /* Preview Assets.xcassets */; };
		36B4082A2CA59EE200EE14C0 /* AnoudgithubTests.swift in Sources */ = {isa = PBXBuildFile; fileRef = 36B408292CA59EE200EE14C0 /* AnoudgithubTests.swift */; };
		36B408342CA59EE200EE14C0 /* AnoudgithubUITests.swift in Sources */ = {isa = PBXBuildFile; fileRef = 36B408332CA59EE200EE14C0 /* AnoudgithubUITests.swift */; };
		36B408362CA59EE200EE14C0 /* AnoudgithubUITestsLaunchTests.swift in Sources */ = {isa = PBXBuildFile; fileRef = 36B408352CA59EE200EE14C0 /* AnoudgithubUITestsLaunchTests.swift */; };
/* End PBXBuildFile section */

/* Begin PBXContainerItemProxy section */
		36B408262CA59EE200EE14C0 /* PBXContainerItemProxy */ = {
			isa = PBXContainerItemProxy;
			containerPortal = 36B4080D2CA59EE100EE14C0 /* Project object */;
			proxyType = 1;
			remoteGlobalIDString = 36B408142CA59EE100EE14C0;
			remoteInfo = Anoudgithub;
		};
		36B408302CA59EE200EE14C0 /* PBXContainerItemProxy */ = {
			isa = PBXContainerItemProxy;
			containerPortal = 36B4080D2CA59EE100EE14C0 /* Project object */;
			proxyType = 1;
			remoteGlobalIDString = 36B408142CA59EE100EE14C0;
			remoteInfo = Anoudgithub;
		};
/* End PBXContainerItemProxy section */

/* Begin PBXFileReference section */
		36B408152CA59EE100EE14C0 /* Anoudgithub.app */ = {isa = PBXFileReference; explicitFileType = wrapper.application; includeInIndex = 0; path = Anoudgithub.app; sourceTree = BUILT_PRODUCTS_DIR; };
		36B408182CA59EE100EE14C0 /* AnoudgithubApp.swift */ = {isa = PBXFileReference; lastKnownFileType = sourcecode.swift; path = AnoudgithubApp.swift; sourceTree = "<group>"; };
		36B4081A2CA59EE100EE14C0 /* ContentView.swift */ = {isa = PBXFileReference; lastKnownFileType = sourcecode.swift; path = ContentView.swift; sourceTree = "<group>"; };
		36B4081C2CA59EE200EE14C0 /* Assets.xcassets */ = {isa = PBXFileReference; lastKnownFileType = folder.assetcatalog; path = Assets.xcassets; sourceTree = "<group>"; };
		36B4081F2CA59EE200EE14C0 /* Preview Assets.xcassets */ = {isa = PBXFileReference; lastKnownFileType = folder.assetcatalog; path = "Preview Assets.xcassets"; sourceTree = "<group>"; };
		36B408252CA59EE200EE14C0 /* AnoudgithubTests.xctest */ = {isa = PBXFileReference; explicitFileType = wrapper.cfbundle; includeInIndex = 0; path = AnoudgithubTests.xctest; sourceTree = BUILT_PRODUCTS_DIR; };
		36B408292CA59EE200EE14C0 /* AnoudgithubTests.swift */ = {isa = PBXFileReference; lastKnownFileType = sourcecode.swift; path = AnoudgithubTests.swift; sourceTree = "<group>"; };
		36B4082F2CA59EE200EE14C0 /* AnoudgithubUITests.xctest */ = {isa = PBXFileReference; explicitFileType = wrapper.cfbundle; includeInIndex = 0; path = AnoudgithubUITests.xctest; sourceTree = BUILT_PRODUCTS_DIR; };
		36B408332CA59EE200EE14C0 /* AnoudgithubUITests.swift */ = {isa = PBXFileReference; lastKnownFileType = sourcecode.swift; path = AnoudgithubUITests.swift; sourceTree = "<group>"; };
		36B408352CA59EE200EE14C0 /* AnoudgithubUITestsLaunchTests.swift */ = {isa = PBXFileReference; lastKnownFileType = sourcecode.swift; path = AnoudgithubUITestsLaunchTests.swift; sourceTree = "<group>"; };
/* End PBXFileReference section */

/* Begin PBXFrameworksBuildPhase section */
		36B408122CA59EE100EE14C0 /* Frameworks */ = {
			isa = PBXFrameworksBuildPhase;
			buildActionMask = 2147483647;
			files = (
			);
			runOnlyForDeploymentPostprocessing = 0;
		};
		36B408222CA59EE200EE14C0 /* Frameworks */ = {
			isa = PBXFrameworksBuildPhase;
			buildActionMask = 2147483647;
			files = (
			);
			runOnlyForDeploymentPostprocessing = 0;
		};
		36B4082C2CA59EE200EE14C0 /* Frameworks */ = {
			isa = PBXFrameworksBuildPhase;
			buildActionMask = 2147483647;
			files = (
			);
			runOnlyForDeploymentPostprocessing = 0;
		};
/* End PBXFrameworksBuildPhase section */

/* Begin PBXGroup section */
		36B4080C2CA59EE100EE14C0 = {
			isa = PBXGroup;
			children = (
				36B408172CA59EE100EE14C0 /* Anoudgithub */,
				36B408282CA59EE200EE14C0 /* AnoudgithubTests */,
				36B408322CA59EE200EE14C0 /* AnoudgithubUITests */,
				36B408162CA59EE100EE14C0 /* Products */,
			);
			sourceTree = "<group>";
		};
		36B408162CA59EE100EE14C0 /* Products */ = {
			isa = PBXGroup;
			children = (
				36B408152CA59EE100EE14C0 /* Anoudgithub.app */,
				36B408252CA59EE200EE14C0 /* AnoudgithubTests.xctest */,
				36B4082F2CA59EE200EE14C0 /* AnoudgithubUITests.xctest */,
			);
			name = Products;
			sourceTree = "<group>";
		};
		36B408172CA59EE100EE14C0 /* Anoudgithub */ = {
			isa = PBXGroup;
			children = (
				36B408182CA59EE100EE14C0 /* AnoudgithubApp.swift */,
				36B4081A2CA59EE100EE14C0 /* ContentView.swift */,
				36B4081C2CA59EE200EE14C0 /* Assets.xcassets */,
				36B4081E2CA59EE200EE14C0 /* Preview Content */,
			);
			path = Anoudgithub;
			sourceTree = "<group>";
		};
		36B4081E2CA59EE200EE14C0 /* Preview Content */ = {
			isa = PBXGroup;
			children = (
				36B4081F2CA59EE200EE14C0 /* Preview Assets.xcassets */,
			);
			path = "Preview Content";
			sourceTree = "<group>";
		};
		36B408282CA59EE200EE14C0 /* AnoudgithubTests */ = {
			isa = PBXGroup;
			children = (
				36B408292CA59EE200EE14C0 /* AnoudgithubTests.swift */,
			);
			path = AnoudgithubTests;
			sourceTree = "<group>";
		};
		36B408322CA59EE200EE14C0 /* AnoudgithubUITests */ = {
			isa = PBXGroup;
			children = (
				36B408332CA59EE200EE14C0 /* AnoudgithubUITests.swift */,
				36B408352CA59EE200EE14C0 /* AnoudgithubUITestsLaunchTests.swift */,
			);
			path = AnoudgithubUITests;
			sourceTree = "<group>";
		};
/* End PBXGroup section */

/* Begin PBXNativeTarget section */
		36B408142CA59EE100EE14C0 /* Anoudgithub */ = {
			isa = PBXNativeTarget;
			buildConfigurationList = 36B408392CA59EE200EE14C0 /* Build configuration list for PBXNativeTarget "Anoudgithub" */;
			buildPhases = (
				36B408112CA59EE100EE14C0 /* Sources */,
				36B408122CA59EE100EE14C0 /* Frameworks */,
				36B408132CA59EE100EE14C0 /* Resources */,
			);
			buildRules = (
			);
			dependencies = (
			);
			name = Anoudgithub;
			productName = Anoudgithub;
			productReference = 36B408152CA59EE100EE14C0 /* Anoudgithub.app */;
			productType = "com.apple.product-type.application";
		};
		36B408242CA59EE200EE14C0 /* AnoudgithubTests */ = {
			isa = PBXNativeTarget;
			buildConfigurationList = 36B4083C2CA59EE200EE14C0 /* Build configuration list for PBXNativeTarget "AnoudgithubTests" */;
			buildPhases = (
				36B408212CA59EE200EE14C0 /* Sources */,
				36B408222CA59EE200EE14C0 /* Frameworks */,
				36B408232CA59EE200EE14C0 /* Resources */,
			);
			buildRules = (
			);
			dependencies = (
				36B408272CA59EE200EE14C0 /* PBXTargetDependency */,
			);
			name = AnoudgithubTests;
			productName = AnoudgithubTests;
			productReference = 36B408252CA59EE200EE14C0 /* AnoudgithubTests.xctest */;
			productType = "com.apple.product-type.bundle.unit-test";
		};
		36B4082E2CA59EE200EE14C0 /* AnoudgithubUITests */ = {
			isa = PBXNativeTarget;
			buildConfigurationList = 36B4083F2CA59EE200EE14C0 /* Build configuration list for PBXNativeTarget "AnoudgithubUITests" */;
			buildPhases = (
				36B4082B2CA59EE200EE14C0 /* Sources */,
				36B4082C2CA59EE200EE14C0 /* Frameworks */,
				36B4082D2CA59EE200EE14C0 /* Resources */,
			);
			buildRules = (
			);
			dependencies = (
				36B408312CA59EE200EE14C0 /* PBXTargetDependency */,
			);
			name = AnoudgithubUITests;
			productName = AnoudgithubUITests;
			productReference = 36B4082F2CA59EE200EE14C0 /* AnoudgithubUITests.xctest */;
			productType = "com.apple.product-type.bundle.ui-testing";
		};
/* End PBXNativeTarget section */

/* Begin PBXProject section */
		36B4080D2CA59EE100EE14C0 /* Project object */ = {
			isa = PBXProject;
			attributes = {
				BuildIndependentTargetsInParallel = 1;
				LastSwiftUpdateCheck = 1540;
				LastUpgradeCheck = 1540;
				TargetAttributes = {
					36B408142CA59EE100EE14C0 = {
						CreatedOnToolsVersion = 15.4;
					};
					36B408242CA59EE200EE14C0 = {
						CreatedOnToolsVersion = 15.4;
						TestTargetID = 36B408142CA59EE100EE14C0;
					};
					36B4082E2CA59EE200EE14C0 = {
						CreatedOnToolsVersion = 15.4;
						TestTargetID = 36B408142CA59EE100EE14C0;
					};
				};
			};
			buildConfigurationList = 36B408102CA59EE100EE14C0 /* Build configuration list for PBXProject "Anoudgithub" */;
			compatibilityVersion = "Xcode 14.0";
			developmentRegion = en;
			hasScannedForEncodings = 0;
			knownRegions = (
				en,
				Base,
			);
			mainGroup = 36B4080C2CA59EE100EE14C0;
			productRefGroup = 36B408162CA59EE100EE14C0 /* Products */;
			projectDirPath = "";
			projectRoot = "";
			targets = (
				36B408142CA59EE100EE14C0 /* Anoudgithub */,
				36B408242CA59EE200EE14C0 /* AnoudgithubTests */,
				36B4082E2CA59EE200EE14C0 /* AnoudgithubUITests */,
			);
		};
/* End PBXProject section */

/* Begin PBXResourcesBuildPhase section */
		36B408132CA59EE100EE14C0 /* Resources */ = {
			isa = PBXResourcesBuildPhase;
			buildActionMask = 2147483647;
			files = (
				36B408202CA59EE200EE14C0 /* Preview Assets.xcassets in Resources */,
				36B4081D2CA59EE200EE14C0 /* Assets.xcassets in Resources */,
			);
			runOnlyForDeploymentPostprocessing = 0;
		};
		36B408232CA59EE200EE14C0 /* Resources */ = {
			isa = PBXResourcesBuildPhase;
			buildActionMask = 2147483647;
			files = (
			);
			runOnlyForDeploymentPostprocessing = 0;
		};
		36B4082D2CA59EE200EE14C0 /* Resources */ = {
			isa = PBXResourcesBuildPhase;
			buildActionMask = 2147483647;
			files = (
			);
			runOnlyForDeploymentPostprocessing = 0;
		};
/* End PBXResourcesBuildPhase section */

/* Begin PBXSourcesBuildPhase section */
		36B408112CA59EE100EE14C0 /* Sources */ = {
			isa = PBXSourcesBuildPhase;
			buildActionMask = 2147483647;
			files = (
				36B4081B2CA59EE100EE14C0 /* ContentView.swift in Sources */,
				36B408192CA59EE100EE14C0 /* AnoudgithubApp.swift in Sources */,
			);
			runOnlyForDeploymentPostprocessing = 0;
		};
		36B408212CA59EE200EE14C0 /* Sources */ = {
			isa = PBXSourcesBuildPhase;
			buildActionMask = 2147483647;
			files = (
				36B4082A2CA59EE200EE14C0 /* AnoudgithubTests.swift in Sources */,
			);
			runOnlyForDeploymentPostprocessing = 0;
		};
		36B4082B2CA59EE200EE14C0 /* Sources */ = {
			isa = PBXSourcesBuildPhase;
			buildActionMask = 2147483647;
			files = (
				36B408342CA59EE200EE14C0 /* AnoudgithubUITests.swift in Sources */,
				36B408362CA59EE200EE14C0 /* AnoudgithubUITestsLaunchTests.swift in Sources */,
			);
			runOnlyForDeploymentPostprocessing = 0;
		};
/* End PBXSourcesBuildPhase section */

/* Begin PBXTargetDependency section */
		36B408272CA59EE200EE14C0 /* PBXTargetDependency */ = {
			isa = PBXTargetDependency;
			target = 36B408142CA59EE100EE14C0 /* Anoudgithub */;
			targetProxy = 36B408262CA59EE200EE14C0 /* PBXContainerItemProxy */;
		};
		36B408312CA59EE200EE14C0 /* PBXTargetDependency */ = {
			isa = PBXTargetDependency;
			target = 36B408142CA59EE100EE14C0 /* Anoudgithub */;
			targetProxy = 36B408302CA59EE200EE14C0 /* PBXContainerItemProxy */;
		};
/* End PBXTargetDependency section */

/* Begin XCBuildConfiguration section */
		36B408372CA59EE200EE14C0 /* Debug */ = {
			isa = XCBuildConfiguration;
			buildSettings = {
				ALWAYS_SEARCH_USER_PATHS = NO;
				ASSETCATALOG_COMPILER_GENERATE_SWIFT_ASSET_SYMBOL_EXTENSIONS = YES;
				CLANG_ANALYZER_NONNULL = YES;
				CLANG_ANALYZER_NUMBER_OBJECT_CONVERSION = YES_AGGRESSIVE;
				CLANG_CXX_LANGUAGE_STANDARD = "gnu++20";
				CLANG_ENABLE_MODULES = YES;
				CLANG_ENABLE_OBJC_ARC = YES;
				CLANG_ENABLE_OBJC_WEAK = YES;
				CLANG_WARN_BLOCK_CAPTURE_AUTORELEASING = YES;
				CLANG_WARN_BOOL_CONVERSION = YES;
				CLANG_WARN_COMMA = YES;
				CLANG_WARN_CONSTANT_CONVERSION = YES;
				CLANG_WARN_DEPRECATED_OBJC_IMPLEMENTATIONS = YES;
				CLANG_WARN_DIRECT_OBJC_ISA_USAGE = YES_ERROR;
				CLANG_WARN_DOCUMENTATION_COMMENTS = YES;
				CLANG_WARN_EMPTY_BODY = YES;
				CLANG_WARN_ENUM_CONVERSION = YES;
				CLANG_WARN_INFINITE_RECURSION = YES;
				CLANG_WARN_INT_CONVERSION = YES;
				CLANG_WARN_NON_LITERAL_NULL_CONVERSION = YES;
				CLANG_WARN_OBJC_IMPLICIT_RETAIN_SELF = YES;
				CLANG_WARN_OBJC_LITERAL_CONVERSION = YES;
				CLANG_WARN_OBJC_ROOT_CLASS = YES_ERROR;
				CLANG_WARN_QUOTED_INCLUDE_IN_FRAMEWORK_HEADER = YES;
				CLANG_WARN_RANGE_LOOP_ANALYSIS = YES;
				CLANG_WARN_STRICT_PROTOTYPES = YES;
				CLANG_WARN_SUSPICIOUS_MOVE = YES;
				CLANG_WARN_UNGUARDED_AVAILABILITY = YES_AGGRESSIVE;
				CLANG_WARN_UNREACHABLE_CODE = YES;
				CLANG_WARN__DUPLICATE_METHOD_MATCH = YES;
				COPY_PHASE_STRIP = NO;
				DEBUG_INFORMATION_FORMAT = dwarf;
				ENABLE_STRICT_OBJC_MSGSEND = YES;
				ENABLE_TESTABILITY = YES;
				ENABLE_USER_SCRIPT_SANDBOXING = YES;
				GCC_C_LANGUAGE_STANDARD = gnu17;
				GCC_DYNAMIC_NO_PIC = NO;
				GCC_NO_COMMON_BLOCKS = YES;
				GCC_OPTIMIZATION_LEVEL = 0;
				GCC_PREPROCESSOR_DEFINITIONS = (
					"DEBUG=1",
					"$(inherited)",
				);
				GCC_WARN_64_TO_32_BIT_CONVERSION = YES;
				GCC_WARN_ABOUT_RETURN_TYPE = YES_ERROR;
				GCC_WARN_UNDECLARED_SELECTOR = YES;
				GCC_WARN_UNINITIALIZED_AUTOS = YES_AGGRESSIVE;
				GCC_WARN_UNUSED_FUNCTION = YES;
				GCC_WARN_UNUSED_VARIABLE = YES;
				IPHONEOS_DEPLOYMENT_TARGET = 17.5;
				LOCALIZATION_PREFERS_STRING_CATALOGS = YES;
				MTL_ENABLE_DEBUG_INFO = INCLUDE_SOURCE;
				MTL_FAST_MATH = YES;
				ONLY_ACTIVE_ARCH = YES;
				SDKROOT = iphoneos;
				SWIFT_ACTIVE_COMPILATION_CONDITIONS = "DEBUG $(inherited)";
				SWIFT_OPTIMIZATION_LEVEL = "-Onone";
			};
			name = Debug;
		};
		36B408382CA59EE200EE14C0 /* Release */ = {
			isa = XCBuildConfiguration;
			buildSettings = {
				ALWAYS_SEARCH_USER_PATHS = NO;
				ASSETCATALOG_COMPILER_GENERATE_SWIFT_ASSET_SYMBOL_EXTENSIONS = YES;
				CLANG_ANALYZER_NONNULL = YES;
				CLANG_ANALYZER_NUMBER_OBJECT_CONVERSION = YES_AGGRESSIVE;
				CLANG_CXX_LANGUAGE_STANDARD = "gnu++20";
				CLANG_ENABLE_MODULES = YES;
				CLANG_ENABLE_OBJC_ARC = YES;
				CLANG_ENABLE_OBJC_WEAK = YES;
				CLANG_WARN_BLOCK_CAPTURE_AUTORELEASING = YES;
				CLANG_WARN_BOOL_CONVERSION = YES;
				CLANG_WARN_COMMA = YES;
				CLANG_WARN_CONSTANT_CONVERSION = YES;
				CLANG_WARN_DEPRECATED_OBJC_IMPLEMENTATIONS = YES;
				CLANG_WARN_DIRECT_OBJC_ISA_USAGE = YES_ERROR;
				CLANG_WARN_DOCUMENTATION_COMMENTS = YES;
				CLANG_WARN_EMPTY_BODY = YES;
				CLANG_WARN_ENUM_CONVERSION = YES;
				CLANG_WARN_INFINITE_RECURSION = YES;
				CLANG_WARN_INT_CONVERSION = YES;
				CLANG_WARN_NON_LITERAL_NULL_CONVERSION = YES;
				CLANG_WARN_OBJC_IMPLICIT_RETAIN_SELF = YES;
				CLANG_WARN_OBJC_LITERAL_CONVERSION = YES;
				CLANG_WARN_OBJC_ROOT_CLASS = YES_ERROR;
				CLANG_WARN_QUOTED_INCLUDE_IN_FRAMEWORK_HEADER = YES;
				CLANG_WARN_RANGE_LOOP_ANALYSIS = YES;
				CLANG_WARN_STRICT_PROTOTYPES = YES;
				CLANG_WARN_SUSPICIOUS_MOVE = YES;
				CLANG_WARN_UNGUARDED_AVAILABILITY = YES_AGGRESSIVE;
				CLANG_WARN_UNREACHABLE_CODE = YES;
				CLANG_WARN__DUPLICATE_METHOD_MATCH = YES;
				COPY_PHASE_STRIP = NO;
				DEBUG_INFORMATION_FORMAT = "dwarf-with-dsym";
				ENABLE_NS_ASSERTIONS = NO;
				ENABLE_STRICT_OBJC_MSGSEND = YES;
				ENABLE_USER_SCRIPT_SANDBOXING = YES;
				GCC_C_LANGUAGE_STANDARD = gnu17;
				GCC_NO_COMMON_BLOCKS = YES;
				GCC_WARN_64_TO_32_BIT_CONVERSION = YES;
				GCC_WARN_ABOUT_RETURN_TYPE = YES_ERROR;
				GCC_WARN_UNDECLARED_SELECTOR = YES;
				GCC_WARN_UNINITIALIZED_AUTOS = YES_AGGRESSIVE;
				GCC_WARN_UNUSED_FUNCTION = YES;
				GCC_WARN_UNUSED_VARIABLE = YES;
				IPHONEOS_DEPLOYMENT_TARGET = 17.5;
				LOCALIZATION_PREFERS_STRING_CATALOGS = YES;
				MTL_ENABLE_DEBUG_INFO = NO;
				MTL_FAST_MATH = YES;
				SDKROOT = iphoneos;
				SWIFT_COMPILATION_MODE = wholemodule;
				VALIDATE_PRODUCT = YES;
			};
			name = Release;
		};
		36B4083A2CA59EE200EE14C0 /* Debug */ = {
			isa = XCBuildConfiguration;
			buildSettings = {
				ASSETCATALOG_COMPILER_APPICON_NAME = AppIcon;
				ASSETCATALOG_COMPILER_GLOBAL_ACCENT_COLOR_NAME = AccentColor;
				CODE_SIGN_STYLE = Automatic;
				CURRENT_PROJECT_VERSION = 1;
				DEVELOPMENT_ASSET_PATHS = "\"Anoudgithub/Preview Content\"";
				ENABLE_PREVIEWS = YES;
				GENERATE_INFOPLIST_FILE = YES;
				INFOPLIST_KEY_UIApplicationSceneManifest_Generation = YES;
				INFOPLIST_KEY_UIApplicationSupportsIndirectInputEvents = YES;
				INFOPLIST_KEY_UILaunchScreen_Generation = YES;
				INFOPLIST_KEY_UISupportedInterfaceOrientations_iPad = "UIInterfaceOrientationPortrait UIInterfaceOrientationPortraitUpsideDown UIInterfaceOrientationLandscapeLeft UIInterfaceOrientationLandscapeRight";
				INFOPLIST_KEY_UISupportedInterfaceOrientations_iPhone = "UIInterfaceOrientationPortrait UIInterfaceOrientationLandscapeLeft UIInterfaceOrientationLandscapeRight";
				LD_RUNPATH_SEARCH_PATHS = (
					"$(inherited)",
					"@executable_path/Frameworks",
				);
				MARKETING_VERSION = 1.0;
				PRODUCT_BUNDLE_IDENTIFIER = alanoud.Anoudgithub;
				PRODUCT_NAME = "$(TARGET_NAME)";
				SWIFT_EMIT_LOC_STRINGS = YES;
				SWIFT_VERSION = 5.0;
				TARGETED_DEVICE_FAMILY = "1,2";
			};
			name = Debug;
		};
		36B4083B2CA59EE200EE14C0 /* Release */ = {
			isa = XCBuildConfiguration;
			buildSettings = {
				ASSETCATALOG_COMPILER_APPICON_NAME = AppIcon;
				ASSETCATALOG_COMPILER_GLOBAL_ACCENT_COLOR_NAME = AccentColor;
				CODE_SIGN_STYLE = Automatic;
				CURRENT_PROJECT_VERSION = 1;
				DEVELOPMENT_ASSET_PATHS = "\"Anoudgithub/Preview Content\"";
				ENABLE_PREVIEWS = YES;
				GENERATE_INFOPLIST_FILE = YES;
				INFOPLIST_KEY_UIApplicationSceneManifest_Generation = YES;
				INFOPLIST_KEY_UIApplicationSupportsIndirectInputEvents = YES;
				INFOPLIST_KEY_UILaunchScreen_Generation = YES;
				INFOPLIST_KEY_UISupportedInterfaceOrientations_iPad = "UIInterfaceOrientationPortrait UIInterfaceOrientationPortraitUpsideDown UIInterfaceOrientationLandscapeLeft UIInterfaceOrientationLandscapeRight";
				INFOPLIST_KEY_UISupportedInterfaceOrientations_iPhone = "UIInterfaceOrientationPortrait UIInterfaceOrientationLandscapeLeft UIInterfaceOrientationLandscapeRight";
				LD_RUNPATH_SEARCH_PATHS = (
					"$(inherited)",
					"@executable_path/Frameworks",
				);
				MARKETING_VERSION = 1.0;
				PRODUCT_BUNDLE_IDENTIFIER = alanoud.Anoudgithub;
				PRODUCT_NAME = "$(TARGET_NAME)";
				SWIFT_EMIT_LOC_STRINGS = YES;
				SWIFT_VERSION = 5.0;
				TARGETED_DEVICE_FAMILY = "1,2";
			};
			name = Release;
		};
		36B4083D2CA59EE200EE14C0 /* Debug */ = {
			isa = XCBuildConfiguration;
			buildSettings = {
				ALWAYS_EMBED_SWIFT_STANDARD_LIBRARIES = YES;
				BUNDLE_LOADER = "$(TEST_HOST)";
				CODE_SIGN_STYLE = Automatic;
				CURRENT_PROJECT_VERSION = 1;
				GENERATE_INFOPLIST_FILE = YES;
				IPHONEOS_DEPLOYMENT_TARGET = 17.5;
				MARKETING_VERSION = 1.0;
				PRODUCT_BUNDLE_IDENTIFIER = alanoud.AnoudgithubTests;
				PRODUCT_NAME = "$(TARGET_NAME)";
				SWIFT_EMIT_LOC_STRINGS = NO;
				SWIFT_VERSION = 5.0;
				TARGETED_DEVICE_FAMILY = "1,2";
				TEST_HOST = "$(BUILT_PRODUCTS_DIR)/Anoudgithub.app/$(BUNDLE_EXECUTABLE_FOLDER_PATH)/Anoudgithub";
			};
			name = Debug;
		};
		36B4083E2CA59EE200EE14C0 /* Release */ = {
			isa = XCBuildConfiguration;
			buildSettings = {
				ALWAYS_EMBED_SWIFT_STANDARD_LIBRARIES = YES;
				BUNDLE_LOADER = "$(TEST_HOST)";
				CODE_SIGN_STYLE = Automatic;
				CURRENT_PROJECT_VERSION = 1;
				GENERATE_INFOPLIST_FILE = YES;
				IPHONEOS_DEPLOYMENT_TARGET = 17.5;
				MARKETING_VERSION = 1.0;
				PRODUCT_BUNDLE_IDENTIFIER = alanoud.AnoudgithubTests;
				PRODUCT_NAME = "$(TARGET_NAME)";
				SWIFT_EMIT_LOC_STRINGS = NO;
				SWIFT_VERSION = 5.0;
				TARGETED_DEVICE_FAMILY = "1,2";
				TEST_HOST = "$(BUILT_PRODUCTS_DIR)/Anoudgithub.app/$(BUNDLE_EXECUTABLE_FOLDER_PATH)/Anoudgithub";
			};
			name = Release;
		};
		36B408402CA59EE200EE14C0 /* Debug */ = {
			isa = XCBuildConfiguration;
			buildSettings = {
				ALWAYS_EMBED_SWIFT_STANDARD_LIBRARIES = YES;
				CODE_SIGN_STYLE = Automatic;
				CURRENT_PROJECT_VERSION = 1;
				GENERATE_INFOPLIST_FILE = YES;
				MARKETING_VERSION = 1.0;
				PRODUCT_BUNDLE_IDENTIFIER = alanoud.AnoudgithubUITests;
				PRODUCT_NAME = "$(TARGET_NAME)";
				SWIFT_EMIT_LOC_STRINGS = NO;
				SWIFT_VERSION = 5.0;
				TARGETED_DEVICE_FAMILY = "1,2";
				TEST_TARGET_NAME = Anoudgithub;
			};
			name = Debug;
		};
		36B408412CA59EE200EE14C0 /* Release */ = {
			isa = XCBuildConfiguration;
			buildSettings = {
				ALWAYS_EMBED_SWIFT_STANDARD_LIBRARIES = YES;
				CODE_SIGN_STYLE = Automatic;
				CURRENT_PROJECT_VERSION = 1;
				GENERATE_INFOPLIST_FILE = YES;
				MARKETING_VERSION = 1.0;
				PRODUCT_BUNDLE_IDENTIFIER = alanoud.AnoudgithubUITests;
				PRODUCT_NAME = "$(TARGET_NAME)";
				SWIFT_EMIT_LOC_STRINGS = NO;
				SWIFT_VERSION = 5.0;
				TARGETED_DEVICE_FAMILY = "1,2";
				TEST_TARGET_NAME = Anoudgithub;
			};
			name = Release;
		};
/* End XCBuildConfiguration section */

/* Begin XCConfigurationList section */
		36B408102CA59EE100EE14C0 /* Build configuration list for PBXProject "Anoudgithub" */ = {
			isa = XCConfigurationList;
			buildConfigurations = (
				36B408372CA59EE200EE14C0 /* Debug */,
				36B408382CA59EE200EE14C0 /* Release */,
			);
			defaultConfigurationIsVisible = 0;
			defaultConfigurationName = Release;
		};
		36B408392CA59EE200EE14C0 /* Build configuration list for PBXNativeTarget "Anoudgithub" */ = {
			isa = XCConfigurationList;
			buildConfigurations = (
				36B4083A2CA59EE200EE14C0 /* Debug */,
				36B4083B2CA59EE200EE14C0 /* Release */,
			);
			defaultConfigurationIsVisible = 0;
			defaultConfigurationName = Release;
		};
		36B4083C2CA59EE200EE14C0 /* Build configuration list for PBXNativeTarget "AnoudgithubTests" */ = {
			isa = XCConfigurationList;
			buildConfigurations = (
				36B4083D2CA59EE200EE14C0 /* Debug */,
				36B4083E2CA59EE200EE14C0 /* Release */,
			);
			defaultConfigurationIsVisible = 0;
			defaultConfigurationName = Release;
		};
		36B4083F2CA59EE200EE14C0 /* Build configuration list for PBXNativeTarget "AnoudgithubUITests" */ = {
			isa = XCConfigurationList;
			buildConfigurations = (
				36B408402CA59EE200EE14C0 /* Debug */,
				36B408412CA59EE200EE14C0 /* Release */,
			);
			defaultConfigurationIsVisible = 0;
			defaultConfigurationName = Release;
		};
/* End XCConfigurationList section */
	};
	rootObject = 36B4080D2CA59EE100EE14C0 /* Project object */;
}
